
Microsoft Visual Studio Solution File, Format Version 12.00
# Visual Studio Version 16
VisualStudioVersion = 16.0.32630.194
MinimumVisualStudioVersion = 10.0.40219.1
Project("{FAE04EC0-301F-11D3-BF4B-00C04F79EFBC}") = "PROJETO_1TRIMESTRE", "PROJETO_1TRIMESTRE\PROJETO_1TRIMESTRE.csproj", "{76DF2932-1E56-4E73-9507-9C34459D499C}"
EndProject
Global
	GlobalSection(SolutionConfigurationPlatforms) = preSolution
		Debug|Any CPU = Debug|Any CPU
		Release|Any CPU = Release|Any CPU
	EndGlobalSection
	GlobalSection(ProjectConfigurationPlatforms) = postSolution
		{76DF2932-1E56-4E73-9507-9C34459D499C}.Debug|Any CPU.ActiveCfg = Debug|Any CPU
		{76DF2932-1E56-4E73-9507-9C34459D499C}.Debug|Any CPU.Build.0 = Debug|Any CPU
		{76DF2932-1E56-4E73-9507-9C34459D499C}.Release|Any CPU.ActiveCfg = Release|Any CPU
		{76DF2932-1E56-4E73-9507-9C34459D499C}.Release|Any CPU.Build.0 = Release|Any CPU
	EndGlobalSection
	GlobalSection(SolutionProperties) = preSolution
		HideSolutionNode = FALSE
	EndGlobalSection
	GlobalSection(ExtensibilityGlobals) = postSolution
		SolutionGuid = {00C8C5BD-65A1-4057-B264-0C64910D245F}
	EndGlobalSection
EndGlobal
